
Microsoft Visual Studio Solution File, Format Version 12.00
# Visual Studio Version 17
VisualStudioVersion = 17.8.34511.84
MinimumVisualStudioVersion = 10.0.40219.1
Project("{FAE04EC0-301F-11D3-BF4B-00C04F79EFBC}") = "Programa 1 C# intermedio", "Programa 1 C# intermedio\Programa 1 C# intermedio.csproj", "{D630444F-EFB9-4D66-961E-8B5DAD7DD3E8}"
EndProject
Global
	GlobalSection(SolutionConfigurationPlatforms) = preSolution
		Debug|Any CPU = Debug|Any CPU
		Release|Any CPU = Release|Any CPU
	EndGlobalSection
	GlobalSection(ProjectConfigurationPlatforms) = postSolution
		{D630444F-EFB9-4D66-961E-8B5DAD7DD3E8}.Debug|Any CPU.ActiveCfg = Debug|Any CPU
		{D630444F-EFB9-4D66-961E-8B5DAD7DD3E8}.Debug|Any CPU.Build.0 = Debug|Any CPU
		{D630444F-EFB9-4D66-961E-8B5DAD7DD3E8}.Release|Any CPU.ActiveCfg = Release|Any CPU
		{D630444F-EFB9-4D66-961E-8B5DAD7DD3E8}.Release|Any CPU.Build.0 = Release|Any CPU
	EndGlobalSection
	GlobalSection(SolutionProperties) = preSolution
		HideSolutionNode = FALSE
	EndGlobalSection
	GlobalSection(ExtensibilityGlobals) = postSolution
		SolutionGuid = {D3E226F5-4BB5-4EA1-8816-1D3136E26E1C}
	EndGlobalSection
EndGlobal
